// !$*UTF8*$!
{
	archiveVersion = 1;
	classes = {
	};
	objectVersion = 77;
	objects = {

/* Begin PBXBuildFile section */
		D8B9301E2F179EED00FE7949 /* FirebaseAI in Frameworks */ = {isa = PBXBuildFile; productRef = D8B9301D2F179EED00FE7949 /* FirebaseAI */; };
		D8B930202F179EED00FE7949 /* FirebaseAILogic in Frameworks */ = {isa = PBXBuildFile; productRef = D8B9301F2F179EED00FE7949 /* FirebaseAILogic */; };
		D8B930222F179EED00FE7949 /* FirebaseAnalytics in Frameworks */ = {isa = PBXBuildFile; productRef = D8B930212F179EED00FE7949 /* FirebaseAnalytics */; };
		D8B930242F179EED00FE7949 /* FirebaseAnalyticsCore in Frameworks */ = {isa = PBXBuildFile; productRef = D8B930232F179EED00FE7949 /* FirebaseAnalyticsCore */; };
		D8B930262F179EED00FE7949 /* FirebaseAnalyticsIdentitySupport in Frameworks */ = {isa = PBXBuildFile; productRef = D8B930252F179EED00FE7949 /* FirebaseAnalyticsIdentitySupport */; };
		D8B930282F179EED00FE7949 /* FirebaseAppCheck in Frameworks */ = {isa = PBXBuildFile; productRef = D8B930272F179EED00FE7949 /* FirebaseAppCheck */; };
		D8B9302A2F179EED00FE7949 /* FirebaseAppDistribution-Beta in Frameworks */ = {isa = PBXBuildFile; productRef = D8B930292F179EED00FE7949 /* FirebaseAppDistribution-Beta */; };
		D8B9302C2F179EED00FE7949 /* FirebaseAuth in Frameworks */ = {isa = PBXBuildFile; productRef = D8B9302B2F179EED00FE7949 /* FirebaseAuth */; };
		D8B9302E2F179EED00FE7949 /* FirebaseAuthCombine-Community in Frameworks */ = {isa = PBXBuildFile; productRef = D8B9302D2F179EED00FE7949 /* FirebaseAuthCombine-Community */; };
		D8B930302F179EED00FE7949 /* FirebaseCore in Frameworks */ = {isa = PBXBuildFile; productRef = D8B9302F2F179EED00FE7949 /* FirebaseCore */; };
		D8B930322F179EED00FE7949 /* FirebaseCrashlytics in Frameworks */ = {isa = PBXBuildFile; productRef = D8B930312F179EED00FE7949 /* FirebaseCrashlytics */; };
		D8B930342F179EED00FE7949 /* FirebaseDatabase in Frameworks */ = {isa = PBXBuildFile; productRef = D8B930332F179EED00FE7949 /* FirebaseDatabase */; };
		D8B930362F179EED00FE7949 /* FirebaseFirestore in Frameworks */ = {isa = PBXBuildFile; productRef = D8B930352F179EED00FE7949 /* FirebaseFirestore */; };
		D8B930382F179EED00FE7949 /* FirebaseFirestoreCombine-Community in Frameworks */ = {isa = PBXBuildFile; productRef = D8B930372F179EED00FE7949 /* FirebaseFirestoreCombine-Community */; };
		D8B9303A2F179EED00FE7949 /* FirebaseFunctions in Frameworks */ = {isa = PBXBuildFile; productRef = D8B930392F179EED00FE7949 /* FirebaseFunctions */; };
		D8B9303C2F179EED00FE7949 /* FirebaseFunctionsCombine-Community in Frameworks */ = {isa = PBXBuildFile; productRef = D8B9303B2F179EED00FE7949 /* FirebaseFunctionsCombine-Community */; };
		D8B9303E2F179EED00FE7949 /* FirebaseInAppMessaging-Beta in Frameworks */ = {isa = PBXBuildFile; productRef = D8B9303D2F179EED00FE7949 /* FirebaseInAppMessaging-Beta */; };
		D8B930402F179EED00FE7949 /* FirebaseInstallations in Frameworks */ = {isa = PBXBuildFile; productRef = D8B9303F2F179EED00FE7949 /* FirebaseInstallations */; };
		D8B930422F179EED00FE7949 /* FirebaseMLModelDownloader in Frameworks */ = {isa = PBXBuildFile; productRef = D8B930412F179EED00FE7949 /* FirebaseMLModelDownloader */; };
		D8B930442F179EED00FE7949 /* FirebaseMessaging in Frameworks */ = {isa = PBXBuildFile; productRef = D8B930432F179EED00FE7949 /* FirebaseMessaging */; };
		D8B930462F179EED00FE7949 /* FirebasePerformance in Frameworks */ = {isa = PBXBuildFile; productRef = D8B930452F179EED00FE7949 /* FirebasePerformance */; };
		D8B930482F179EED00FE7949 /* FirebaseRemoteConfig in Frameworks */ = {isa = PBXBuildFile; productRef = D8B930472F179EED00FE7949 /* FirebaseRemoteConfig */; };
		D8B9304A2F179EED00FE7949 /* FirebaseStorage in Frameworks */ = {isa = PBXBuildFile; productRef = D8B930492F179EED00FE7949 /* FirebaseStorage */; };
		D8B9304C2F179EED00FE7949 /* FirebaseStorageCombine-Community in Frameworks */ = {isa = PBXBuildFile; productRef = D8B9304B2F179EED00FE7949 /* FirebaseStorageCombine-Community */; };
/* End PBXBuildFile section */

/* Begin PBXFileReference section */
		D8B92F2C2F17975A00FE7949 /* SoundbeatMusic.app */ = {isa = PBXFileReference; explicitFileType = wrapper.application; includeInIndex = 0; path = SoundbeatMusic.app; sourceTree = BUILT_PRODUCTS_DIR; };
/* End PBXFileReference section */

/* Begin PBXFileSystemSynchronizedRootGroup section */
		D8B92F2E2F17975A00FE7949 /* SoundbeatMusic */ = {
			isa = PBXFileSystemSynchronizedRootGroup;
			path = SoundbeatMusic;
			sourceTree = "<group>";
		};
/* End PBXFileSystemSynchronizedRootGroup section */

/* Begin PBXFrameworksBuildPhase section */
		D8B92F292F17975A00FE7949 /* Frameworks */ = {
			isa = PBXFrameworksBuildPhase;
			buildActionMask = 2147483647;
			files = (
				D8B9302A2F179EED00FE7949 /* FirebaseAppDistribution-Beta in Frameworks */,
				D8B930362F179EED00FE7949 /* FirebaseFirestore in Frameworks */,
				D8B9302E2F179EED00FE7949 /* FirebaseAuthCombine-Community in Frameworks */,
				D8B930402F179EED00FE7949 /* FirebaseInstallations in Frameworks */,
				D8B930202F179EED00FE7949 /* FirebaseAILogic in Frameworks */,
				D8B930262F179EED00FE7949 /* FirebaseAnalyticsIdentitySupport in Frameworks */,
				D8B9303E2F179EED00FE7949 /* FirebaseInAppMessaging-Beta in Frameworks */,
				D8B9301E2F179EED00FE7949 /* FirebaseAI in Frameworks */,
				D8B930322F179EED00FE7949 /* FirebaseCrashlytics in Frameworks */,
				D8B9303C2F179EED00FE7949 /* FirebaseFunctionsCombine-Community in Frameworks */,
				D8B9304C2F179EED00FE7949 /* FirebaseStorageCombine-Community in Frameworks */,
				D8B930342F179EED00FE7949 /* FirebaseDatabase in Frameworks */,
				D8B9304A2F179EED00FE7949 /* FirebaseStorage in Frameworks */,
				D8B930482F179EED00FE7949 /* FirebaseRemoteConfig in Frameworks */,
				D8B930222F179EED00FE7949 /* FirebaseAnalytics in Frameworks */,
				D8B930442F179EED00FE7949 /* FirebaseMessaging in Frameworks */,
				D8B930422F179EED00FE7949 /* FirebaseMLModelDownloader in Frameworks */,
				D8B930462F179EED00FE7949 /* FirebasePerformance in Frameworks */,
				D8B930302F179EED00FE7949 /* FirebaseCore in Frameworks */,
				D8B930282F179EED00FE7949 /* FirebaseAppCheck in Frameworks */,
				D8B930242F179EED00FE7949 /* FirebaseAnalyticsCore in Frameworks */,
				D8B9303A2F179EED00FE7949 /* FirebaseFunctions in Frameworks */,
				D8B9302C2F179EED00FE7949 /* FirebaseAuth in Frameworks */,
				D8B930382F179EED00FE7949 /* FirebaseFirestoreCombine-Community in Frameworks */,
			);
			runOnlyForDeploymentPostprocessing = 0;
		};
/* End PBXFrameworksBuildPhase section */

/* Begin PBXGroup section */
		D8B92F232F17975A00FE7949 = {
			isa = PBXGroup;
			children = (
				D8B92F2E2F17975A00FE7949 /* SoundbeatMusic */,
				D8B92F2D2F17975A00FE7949 /* Products */,
			);
			sourceTree = "<group>";
		};
		D8B92F2D2F17975A00FE7949 /* Products */ = {
			isa = PBXGroup;
			children = (
				D8B92F2C2F17975A00FE7949 /* SoundbeatMusic.app */,
			);
			name = Products;
			sourceTree = "<group>";
		};
/* End PBXGroup section */

/* Begin PBXNativeTarget section */
		D8B92F2B2F17975A00FE7949 /* SoundbeatMusic */ = {
			isa = PBXNativeTarget;
			buildConfigurationList = D8B92F392F17975C00FE7949 /* Build configuration list for PBXNativeTarget "SoundbeatMusic" */;
			buildPhases = (
				D8B92F282F17975A00FE7949 /* Sources */,
				D8B92F292F17975A00FE7949 /* Frameworks */,
				D8B92F2A2F17975A00FE7949 /* Resources */,
			);
			buildRules = (
			);
			dependencies = (
			);
			fileSystemSynchronizedGroups = (
				D8B92F2E2F17975A00FE7949 /* SoundbeatMusic */,
			);
			name = SoundbeatMusic;
			packageProductDependencies = (
				D8B9301D2F179EED00FE7949 /* FirebaseAI */,
				D8B9301F2F179EED00FE7949 /* FirebaseAILogic */,
				D8B930212F179EED00FE7949 /* FirebaseAnalytics */,
				D8B930232F179EED00FE7949 /* FirebaseAnalyticsCore */,
				D8B930252F179EED00FE7949 /* FirebaseAnalyticsIdentitySupport */,
				D8B930272F179EED00FE7949 /* FirebaseAppCheck */,
				D8B930292F179EED00FE7949 /* FirebaseAppDistribution-Beta */,
				D8B9302B2F179EED00FE7949 /* FirebaseAuth */,
				D8B9302D2F179EED00FE7949 /* FirebaseAuthCombine-Community */,
				D8B9302F2F179EED00FE7949 /* FirebaseCore */,
				D8B930312F179EED00FE7949 /* FirebaseCrashlytics */,
				D8B930332F179EED00FE7949 /* FirebaseDatabase */,
				D8B930352F179EED00FE7949 /* FirebaseFirestore */,
				D8B930372F179EED00FE7949 /* FirebaseFirestoreCombine-Community */,
				D8B930392F179EED00FE7949 /* FirebaseFunctions */,
				D8B9303B2F179EED00FE7949 /* FirebaseFunctionsCombine-Community */,
				D8B9303D2F179EED00FE7949 /* FirebaseInAppMessaging-Beta */,
				D8B9303F2F179EED00FE7949 /* FirebaseInstallations */,
				D8B930412F179EED00FE7949 /* FirebaseMLModelDownloader */,
				D8B930432F179EED00FE7949 /* FirebaseMessaging */,
				D8B930452F179EED00FE7949 /* FirebasePerformance */,
				D8B930472F179EED00FE7949 /* FirebaseRemoteConfig */,
				D8B930492F179EED00FE7949 /* FirebaseStorage */,
				D8B9304B2F179EED00FE7949 /* FirebaseStorageCombine-Community */,
			);
			productName = SoundbeatMusic;
			productReference = D8B92F2C2F17975A00FE7949 /* SoundbeatMusic.app */;
			productType = "com.apple.product-type.application";
		};
/* End PBXNativeTarget section */

/* Begin PBXProject section */
		D8B92F242F17975A00FE7949 /* Project object */ = {
			isa = PBXProject;
			attributes = {
				BuildIndependentTargetsInParallel = 1;
				LastSwiftUpdateCheck = 2610;
				LastUpgradeCheck = 2610;
				TargetAttributes = {
					D8B92F2B2F17975A00FE7949 = {
						CreatedOnToolsVersion = 26.1.1;
					};
				};
			};
			buildConfigurationList = D8B92F272F17975A00FE7949 /* Build configuration list for PBXProject "SoundbeatMusic" */;
			developmentRegion = en;
			hasScannedForEncodings = 0;
			knownRegions = (
				en,
				Base,
			);
			mainGroup = D8B92F232F17975A00FE7949;
			minimizedProjectReferenceProxies = 1;
			packageReferences = (
				D8B9301C2F179EED00FE7949 /* XCRemoteSwiftPackageReference "firebase-ios-sdk" */,
			);
			preferredProjectObjectVersion = 77;
			productRefGroup = D8B92F2D2F17975A00FE7949 /* Products */;
			projectDirPath = "";
			projectRoot = "";
			targets = (
				D8B92F2B2F17975A00FE7949 /* SoundbeatMusic */,
			);
		};
/* End PBXProject section */

/* Begin PBXResourcesBuildPhase section */
		D8B92F2A2F17975A00FE7949 /* Resources */ = {
			isa = PBXResourcesBuildPhase;
			buildActionMask = 2147483647;
			files = (
			);
			runOnlyForDeploymentPostprocessing = 0;
		};
/* End PBXResourcesBuildPhase section */

/* Begin PBXSourcesBuildPhase section */
		D8B92F282F17975A00FE7949 /* Sources */ = {
			isa = PBXSourcesBuildPhase;
			buildActionMask = 2147483647;
			files = (
			);
			runOnlyForDeploymentPostprocessing = 0;
		};
/* End PBXSourcesBuildPhase section */

/* Begin XCBuildConfiguration section */
		D8B92F372F17975C00FE7949 /* Debug */ = {
			isa = XCBuildConfiguration;
			buildSettings = {
				ALWAYS_SEARCH_USER_PATHS = NO;
				ASSETCATALOG_COMPILER_GENERATE_SWIFT_ASSET_SYMBOL_EXTENSIONS = YES;
				CLANG_ANALYZER_NONNULL = YES;
				CLANG_ANALYZER_NUMBER_OBJECT_CONVERSION = YES_AGGRESSIVE;
				CLANG_CXX_LANGUAGE_STANDARD = "gnu++20";
				CLANG_ENABLE_MODULES = YES;
				CLANG_ENABLE_OBJC_ARC = YES;
				CLANG_ENABLE_OBJC_WEAK = YES;
				CLANG_WARN_BLOCK_CAPTURE_AUTORELEASING = YES;
				CLANG_WARN_BOOL_CONVERSION = YES;
				CLANG_WARN_COMMA = YES;
				CLANG_WARN_CONSTANT_CONVERSION = YES;
				CLANG_WARN_DEPRECATED_OBJC_IMPLEMENTATIONS = YES;
				CLANG_WARN_DIRECT_OBJC_ISA_USAGE = YES_ERROR;
				CLANG_WARN_DOCUMENTATION_COMMENTS = YES;
				CLANG_WARN_EMPTY_BODY = YES;
				CLANG_WARN_ENUM_CONVERSION = YES;
				CLANG_WARN_INFINITE_RECURSION = YES;
				CLANG_WARN_INT_CONVERSION = YES;
				CLANG_WARN_NON_LITERAL_NULL_CONVERSION = YES;
				CLANG_WARN_OBJC_IMPLICIT_RETAIN_SELF = YES;
				CLANG_WARN_OBJC_LITERAL_CONVERSION = YES;
				CLANG_WARN_OBJC_ROOT_CLASS = YES_ERROR;
				CLANG_WARN_QUOTED_INCLUDE_IN_FRAMEWORK_HEADER = YES;
				CLANG_WARN_RANGE_LOOP_ANALYSIS = YES;
				CLANG_WARN_STRICT_PROTOTYPES = YES;
				CLANG_WARN_SUSPICIOUS_MOVE = YES;
				CLANG_WARN_UNGUARDED_AVAILABILITY = YES_AGGRESSIVE;
				CLANG_WARN_UNREACHABLE_CODE = YES;
				CLANG_WARN__DUPLICATE_METHOD_MATCH = YES;
				COPY_PHASE_STRIP = NO;
				DEBUG_INFORMATION_FORMAT = dwarf;
				DEVELOPMENT_TEAM = 936T7367KF;
				ENABLE_STRICT_OBJC_MSGSEND = YES;
				ENABLE_TESTABILITY = YES;
				ENABLE_USER_SCRIPT_SANDBOXING = YES;
				GCC_C_LANGUAGE_STANDARD = gnu17;
				GCC_DYNAMIC_NO_PIC = NO;
				GCC_NO_COMMON_BLOCKS = YES;
				GCC_OPTIMIZATION_LEVEL = 0;
				GCC_PREPROCESSOR_DEFINITIONS = (
					"DEBUG=1",
					"$(inherited)",
				);
				GCC_WARN_64_TO_32_BIT_CONVERSION = YES;
				GCC_WARN_ABOUT_RETURN_TYPE = YES_ERROR;
				GCC_WARN_UNDECLARED_SELECTOR = YES;
				GCC_WARN_UNINITIALIZED_AUTOS = YES_AGGRESSIVE;
				GCC_WARN_UNUSED_FUNCTION = YES;
				GCC_WARN_UNUSED_VARIABLE = YES;
				IPHONEOS_DEPLOYMENT_TARGET = 26.1;
				LOCALIZATION_PREFERS_STRING_CATALOGS = YES;
				MTL_ENABLE_DEBUG_INFO = INCLUDE_SOURCE;
				MTL_FAST_MATH = YES;
				ONLY_ACTIVE_ARCH = YES;
				SDKROOT = iphoneos;
				SWIFT_ACTIVE_COMPILATION_CONDITIONS = "DEBUG $(inherited)";
				SWIFT_OPTIMIZATION_LEVEL = "-Onone";
			};
			name = Debug;
		};
		D8B92F382F17975C00FE7949 /* Release */ = {
			isa = XCBuildConfiguration;
			buildSettings = {
				ALWAYS_SEARCH_USER_PATHS = NO;
				ASSETCATALOG_COMPILER_GENERATE_SWIFT_ASSET_SYMBOL_EXTENSIONS = YES;
				CLANG_ANALYZER_NONNULL = YES;
				CLANG_ANALYZER_NUMBER_OBJECT_CONVERSION = YES_AGGRESSIVE;
				CLANG_CXX_LANGUAGE_STANDARD = "gnu++20";
				CLANG_ENABLE_MODULES = YES;
				CLANG_ENABLE_OBJC_ARC = YES;
				CLANG_ENABLE_OBJC_WEAK = YES;
				CLANG_WARN_BLOCK_CAPTURE_AUTORELEASING = YES;
				CLANG_WARN_BOOL_CONVERSION = YES;
				CLANG_WARN_COMMA = YES;
				CLANG_WARN_CONSTANT_CONVERSION = YES;
				CLANG_WARN_DEPRECATED_OBJC_IMPLEMENTATIONS = YES;
				CLANG_WARN_DIRECT_OBJC_ISA_USAGE = YES_ERROR;
				CLANG_WARN_DOCUMENTATION_COMMENTS = YES;
				CLANG_WARN_EMPTY_BODY = YES;
				CLANG_WARN_ENUM_CONVERSION = YES;
				CLANG_WARN_INFINITE_RECURSION = YES;
				CLANG_WARN_INT_CONVERSION = YES;
				CLANG_WARN_NON_LITERAL_NULL_CONVERSION = YES;
				CLANG_WARN_OBJC_IMPLICIT_RETAIN_SELF = YES;
				CLANG_WARN_OBJC_LITERAL_CONVERSION = YES;
				CLANG_WARN_OBJC_ROOT_CLASS = YES_ERROR;
				CLANG_WARN_QUOTED_INCLUDE_IN_FRAMEWORK_HEADER = YES;
				CLANG_WARN_RANGE_LOOP_ANALYSIS = YES;
				CLANG_WARN_STRICT_PROTOTYPES = YES;
				CLANG_WARN_SUSPICIOUS_MOVE = YES;
				CLANG_WARN_UNGUARDED_AVAILABILITY = YES_AGGRESSIVE;
				CLANG_WARN_UNREACHABLE_CODE = YES;
				CLANG_WARN__DUPLICATE_METHOD_MATCH = YES;
				COPY_PHASE_STRIP = NO;
				DEBUG_INFORMATION_FORMAT = "dwarf-with-dsym";
				DEVELOPMENT_TEAM = 936T7367KF;
				ENABLE_NS_ASSERTIONS = NO;
				ENABLE_STRICT_OBJC_MSGSEND = YES;
				ENABLE_USER_SCRIPT_SANDBOXING = YES;
				GCC_C_LANGUAGE_STANDARD = gnu17;
				GCC_NO_COMMON_BLOCKS = YES;
				GCC_WARN_64_TO_32_BIT_CONVERSION = YES;
				GCC_WARN_ABOUT_RETURN_TYPE = YES_ERROR;
				GCC_WARN_UNDECLARED_SELECTOR = YES;
				GCC_WARN_UNINITIALIZED_AUTOS = YES_AGGRESSIVE;
				GCC_WARN_UNUSED_FUNCTION = YES;
				GCC_WARN_UNUSED_VARIABLE = YES;
				IPHONEOS_DEPLOYMENT_TARGET = 26.1;
				LOCALIZATION_PREFERS_STRING_CATALOGS = YES;
				MTL_ENABLE_DEBUG_INFO = NO;
				MTL_FAST_MATH = YES;
				SDKROOT = iphoneos;
				SWIFT_COMPILATION_MODE = wholemodule;
				VALIDATE_PRODUCT = YES;
			};
			name = Release;
		};
		D8B92F3A2F17975C00FE7949 /* Debug */ = {
			isa = XCBuildConfiguration;
			buildSettings = {
				ASSETCATALOG_COMPILER_APPICON_NAME = AppIcon;
				ASSETCATALOG_COMPILER_GLOBAL_ACCENT_COLOR_NAME = AccentColor;
				CODE_SIGN_STYLE = Automatic;
				CURRENT_PROJECT_VERSION = 1;
				DEVELOPMENT_TEAM = 936T7367KF;
				ENABLE_PREVIEWS = YES;
				GENERATE_INFOPLIST_FILE = YES;
				INFOPLIST_KEY_UIApplicationSceneManifest_Generation = YES;
				INFOPLIST_KEY_UIApplicationSupportsIndirectInputEvents = YES;
				INFOPLIST_KEY_UILaunchScreen_Generation = YES;
				INFOPLIST_KEY_UISupportedInterfaceOrientations_iPad = "UIInterfaceOrientationPortrait UIInterfaceOrientationPortraitUpsideDown UIInterfaceOrientationLandscapeLeft UIInterfaceOrientationLandscapeRight";
				INFOPLIST_KEY_UISupportedInterfaceOrientations_iPhone = "UIInterfaceOrientationPortrait UIInterfaceOrientationLandscapeLeft UIInterfaceOrientationLandscapeRight";
				LD_RUNPATH_SEARCH_PATHS = (
					"$(inherited)",
					"@executable_path/Frameworks",
				);
				MARKETING_VERSION = 1.0;
				PRODUCT_BUNDLE_IDENTIFIER = ArseniiMorozov.SoundbeatMusic;
				PRODUCT_NAME = "$(TARGET_NAME)";
				STRING_CATALOG_GENERATE_SYMBOLS = YES;
				SWIFT_APPROACHABLE_CONCURRENCY = YES;
				SWIFT_DEFAULT_ACTOR_ISOLATION = MainActor;
				SWIFT_EMIT_LOC_STRINGS = YES;
				SWIFT_UPCOMING_FEATURE_MEMBER_IMPORT_VISIBILITY = YES;
				SWIFT_VERSION = 5.0;
				TARGETED_DEVICE_FAMILY = "1,2";
			};
			name = Debug;
		};
		D8B92F3B2F17975C00FE7949 /* Release */ = {
			isa = XCBuildConfiguration;
			buildSettings = {
				ASSETCATALOG_COMPILER_APPICON_NAME = AppIcon;
				ASSETCATALOG_COMPILER_GLOBAL_ACCENT_COLOR_NAME = AccentColor;
				CODE_SIGN_STYLE = Automatic;
				CURRENT_PROJECT_VERSION = 1;
				DEVELOPMENT_TEAM = 936T7367KF;
				ENABLE_PREVIEWS = YES;
				GENERATE_INFOPLIST_FILE = YES;
				INFOPLIST_KEY_UIApplicationSceneManifest_Generation = YES;
				INFOPLIST_KEY_UIApplicationSupportsIndirectInputEvents = YES;
				INFOPLIST_KEY_UILaunchScreen_Generation = YES;
				INFOPLIST_KEY_UISupportedInterfaceOrientations_iPad = "UIInterfaceOrientationPortrait UIInterfaceOrientationPortraitUpsideDown UIInterfaceOrientationLandscapeLeft UIInterfaceOrientationLandscapeRight";
				INFOPLIST_KEY_UISupportedInterfaceOrientations_iPhone = "UIInterfaceOrientationPortrait UIInterfaceOrientationLandscapeLeft UIInterfaceOrientationLandscapeRight";
				LD_RUNPATH_SEARCH_PATHS = (
					"$(inherited)",
					"@executable_path/Frameworks",
				);
				MARKETING_VERSION = 1.0;
				PRODUCT_BUNDLE_IDENTIFIER = ArseniiMorozov.SoundbeatMusic;
				PRODUCT_NAME = "$(TARGET_NAME)";
				STRING_CATALOG_GENERATE_SYMBOLS = YES;
				SWIFT_APPROACHABLE_CONCURRENCY = YES;
				SWIFT_DEFAULT_ACTOR_ISOLATION = MainActor;
				SWIFT_EMIT_LOC_STRINGS = YES;
				SWIFT_UPCOMING_FEATURE_MEMBER_IMPORT_VISIBILITY = YES;
				SWIFT_VERSION = 5.0;
				TARGETED_DEVICE_FAMILY = "1,2";
			};
			name = Release;
		};
/* End XCBuildConfiguration section */

/* Begin XCConfigurationList section */
		D8B92F272F17975A00FE7949 /* Build configuration list for PBXProject "SoundbeatMusic" */ = {
			isa = XCConfigurationList;
			buildConfigurations = (
				D8B92F372F17975C00FE7949 /* Debug */,
				D8B92F382F17975C00FE7949 /* Release */,
			);
			defaultConfigurationIsVisible = 0;
			defaultConfigurationName = Release;
		};
		D8B92F392F17975C00FE7949 /* Build configuration list for PBXNativeTarget "SoundbeatMusic" */ = {
			isa = XCConfigurationList;
			buildConfigurations = (
				D8B92F3A2F17975C00FE7949 /* Debug */,
				D8B92F3B2F17975C00FE7949 /* Release */,
			);
			defaultConfigurationIsVisible = 0;
			defaultConfigurationName = Release;
		};
/* End XCConfigurationList section */

/* Begin XCRemoteSwiftPackageReference section */
		D8B9301C2F179EED00FE7949 /* XCRemoteSwiftPackageReference "firebase-ios-sdk" */ = {
			isa = XCRemoteSwiftPackageReference;
			repositoryURL = "https://github.com/firebase/firebase-ios-sdk";
			requirement = {
				kind = upToNextMajorVersion;
				minimumVersion = 12.8.0;
			};
		};
/* End XCRemoteSwiftPackageReference section */

/* Begin XCSwiftPackageProductDependency section */
		D8B9301D2F179EED00FE7949 /* FirebaseAI */ = {
			isa = XCSwiftPackageProductDependency;
			package = D8B9301C2F179EED00FE7949 /* XCRemoteSwiftPackageReference "firebase-ios-sdk" */;
			productName = FirebaseAI;
		};
		D8B9301F2F179EED00FE7949 /* FirebaseAILogic */ = {
			isa = XCSwiftPackageProductDependency;
			package = D8B9301C2F179EED00FE7949 /* XCRemoteSwiftPackageReference "firebase-ios-sdk" */;
			productName = FirebaseAILogic;
		};
		D8B930212F179EED00FE7949 /* FirebaseAnalytics */ = {
			isa = XCSwiftPackageProductDependency;
			package = D8B9301C2F179EED00FE7949 /* XCRemoteSwiftPackageReference "firebase-ios-sdk" */;
			productName = FirebaseAnalytics;
		};
		D8B930232F179EED00FE7949 /* FirebaseAnalyticsCore */ = {
			isa = XCSwiftPackageProductDependency;
			package = D8B9301C2F179EED00FE7949 /* XCRemoteSwiftPackageReference "firebase-ios-sdk" */;
			productName = FirebaseAnalyticsCore;
		};
		D8B930252F179EED00FE7949 /* FirebaseAnalyticsIdentitySupport */ = {
			isa = XCSwiftPackageProductDependency;
			package = D8B9301C2F179EED00FE7949 /* XCRemoteSwiftPackageReference "firebase-ios-sdk" */;
			productName = FirebaseAnalyticsIdentitySupport;
		};
		D8B930272F179EED00FE7949 /* FirebaseAppCheck */ = {
			isa = XCSwiftPackageProductDependency;
			package = D8B9301C2F179EED00FE7949 /* XCRemoteSwiftPackageReference "firebase-ios-sdk" */;
			productName = FirebaseAppCheck;
		};
		D8B930292F179EED00FE7949 /* FirebaseAppDistribution-Beta */ = {
			isa = XCSwiftPackageProductDependency;
			package = D8B9301C2F179EED00FE7949 /* XCRemoteSwiftPackageReference "firebase-ios-sdk" */;
			productName = "FirebaseAppDistribution-Beta";
		};
		D8B9302B2F179EED00FE7949 /* FirebaseAuth */ = {
			isa = XCSwiftPackageProductDependency;
			package = D8B9301C2F179EED00FE7949 /* XCRemoteSwiftPackageReference "firebase-ios-sdk" */;
			productName = FirebaseAuth;
		};
		D8B9302D2F179EED00FE7949 /* FirebaseAuthCombine-Community */ = {
			isa = XCSwiftPackageProductDependency;
			package = D8B9301C2F179EED00FE7949 /* XCRemoteSwiftPackageReference "firebase-ios-sdk" */;
			productName = "FirebaseAuthCombine-Community";
		};
		D8B9302F2F179EED00FE7949 /* FirebaseCore */ = {
			isa = XCSwiftPackageProductDependency;
			package = D8B9301C2F179EED00FE7949 /* XCRemoteSwiftPackageReference "firebase-ios-sdk" */;
			productName = FirebaseCore;
		};
		D8B930312F179EED00FE7949 /* FirebaseCrashlytics */ = {
			isa = XCSwiftPackageProductDependency;
			package = D8B9301C2F179EED00FE7949 /* XCRemoteSwiftPackageReference "firebase-ios-sdk" */;
			productName = FirebaseCrashlytics;
		};
		D8B930332F179EED00FE7949 /* FirebaseDatabase */ = {
			isa = XCSwiftPackageProductDependency;
			package = D8B9301C2F179EED00FE7949 /* XCRemoteSwiftPackageReference "firebase-ios-sdk" */;
			productName = FirebaseDatabase;
		};
		D8B930352F179EED00FE7949 /* FirebaseFirestore */ = {
			isa = XCSwiftPackageProductDependency;
			package = D8B9301C2F179EED00FE7949 /* XCRemoteSwiftPackageReference "firebase-ios-sdk" */;
			productName = FirebaseFirestore;
		};
		D8B930372F179EED00FE7949 /* FirebaseFirestoreCombine-Community */ = {
			isa = XCSwiftPackageProductDependency;
			package = D8B9301C2F179EED00FE7949 /* XCRemoteSwiftPackageReference "firebase-ios-sdk" */;
			productName = "FirebaseFirestoreCombine-Community";
		};
		D8B930392F179EED00FE7949 /* FirebaseFunctions */ = {
			isa = XCSwiftPackageProductDependency;
			package = D8B9301C2F179EED00FE7949 /* XCRemoteSwiftPackageReference "firebase-ios-sdk" */;
			productName = FirebaseFunctions;
		};
		D8B9303B2F179EED00FE7949 /* FirebaseFunctionsCombine-Community */ = {
			isa = XCSwiftPackageProductDependency;
			package = D8B9301C2F179EED00FE7949 /* XCRemoteSwiftPackageReference "firebase-ios-sdk" */;
			productName = "FirebaseFunctionsCombine-Community";
		};
		D8B9303D2F179EED00FE7949 /* FirebaseInAppMessaging-Beta */ = {
			isa = XCSwiftPackageProductDependency;
			package = D8B9301C2F179EED00FE7949 /* XCRemoteSwiftPackageReference "firebase-ios-sdk" */;
			productName = "FirebaseInAppMessaging-Beta";
		};
		D8B9303F2F179EED00FE7949 /* FirebaseInstallations */ = {
			isa = XCSwiftPackageProductDependency;
			package = D8B9301C2F179EED00FE7949 /* XCRemoteSwiftPackageReference "firebase-ios-sdk" */;
			productName = FirebaseInstallations;
		};
		D8B930412F179EED00FE7949 /* FirebaseMLModelDownloader */ = {
			isa = XCSwiftPackageProductDependency;
			package = D8B9301C2F179EED00FE7949 /* XCRemoteSwiftPackageReference "firebase-ios-sdk" */;
			productName = FirebaseMLModelDownloader;
		};
		D8B930432F179EED00FE7949 /* FirebaseMessaging */ = {
			isa = XCSwiftPackageProductDependency;
			package = D8B9301C2F179EED00FE7949 /* XCRemoteSwiftPackageReference "firebase-ios-sdk" */;
			productName = FirebaseMessaging;
		};
		D8B930452F179EED00FE7949 /* FirebasePerformance */ = {
			isa = XCSwiftPackageProductDependency;
			package = D8B9301C2F179EED00FE7949 /* XCRemoteSwiftPackageReference "firebase-ios-sdk" */;
			productName = FirebasePerformance;
		};
		D8B930472F179EED00FE7949 /* FirebaseRemoteConfig */ = {
			isa = XCSwiftPackageProductDependency;
			package = D8B9301C2F179EED00FE7949 /* XCRemoteSwiftPackageReference "firebase-ios-sdk" */;
			productName = FirebaseRemoteConfig;
		};
		D8B930492F179EED00FE7949 /* FirebaseStorage */ = {
			isa = XCSwiftPackageProductDependency;
			package = D8B9301C2F179EED00FE7949 /* XCRemoteSwiftPackageReference "firebase-ios-sdk" */;
			productName = FirebaseStorage;
		};
		D8B9304B2F179EED00FE7949 /* FirebaseStorageCombine-Community */ = {
			isa = XCSwiftPackageProductDependency;
			package = D8B9301C2F179EED00FE7949 /* XCRemoteSwiftPackageReference "firebase-ios-sdk" */;
			productName = "FirebaseStorageCombine-Community";
		};
/* End XCSwiftPackageProductDependency section */
	};
	rootObject = D8B92F242F17975A00FE7949 /* Project object */;
}
